
Microsoft Visual Studio Solution File, Format Version 12.00
# Visual Studio Version 16
VisualStudioVersion = 16.0.30611.23
MinimumVisualStudioVersion = 10.0.40219.1
Project("{9A19103F-16F7-4668-BE54-9A1E7A4F7556}") = "Qms_Data", "..\Qms_Data\Qms_Data.csproj", "{78B24C2C-F55A-4DF9-B539-C2947212E73C}"
EndProject
Project("{9A19103F-16F7-4668-BE54-9A1E7A4F7556}") = "QMS_NotificationSender", "..\QMS_NotificationSender\QMS_NotificationSender.csproj", "{BDD08140-297A-4414-975C-5190DBACD03F}"
EndProject
Project("{9A19103F-16F7-4668-BE54-9A1E7A4F7556}") = "QmsCore", "..\Qms_Console\QmsCore.csproj", "{591F3520-5E5C-44C1-B6F5-DB39325B2061}"
EndProject
Global
	GlobalSection(SolutionConfigurationPlatforms) = preSolution
		Debug|Any CPU = Debug|Any CPU
		Release|Any CPU = Release|Any CPU
	EndGlobalSection
	GlobalSection(ProjectConfigurationPlatforms) = postSolution
		{78B24C2C-F55A-4DF9-B539-C2947212E73C}.Debug|Any CPU.ActiveCfg = Debug|Any CPU
		{78B24C2C-F55A-4DF9-B539-C2947212E73C}.Debug|Any CPU.Build.0 = Debug|Any CPU
		{78B24C2C-F55A-4DF9-B539-C2947212E73C}.Release|Any CPU.ActiveCfg = Release|Any CPU
		{78B24C2C-F55A-4DF9-B539-C2947212E73C}.Release|Any CPU.Build.0 = Release|Any CPU
		{BDD08140-297A-4414-975C-5190DBACD03F}.Debug|Any CPU.ActiveCfg = Debug|Any CPU
		{BDD08140-297A-4414-975C-5190DBACD03F}.Debug|Any CPU.Build.0 = Debug|Any CPU
		{BDD08140-297A-4414-975C-5190DBACD03F}.Release|Any CPU.ActiveCfg = Release|Any CPU
		{BDD08140-297A-4414-975C-5190DBACD03F}.Release|Any CPU.Build.0 = Release|Any CPU
		{591F3520-5E5C-44C1-B6F5-DB39325B2061}.Debug|Any CPU.ActiveCfg = Debug|Any CPU
		{591F3520-5E5C-44C1-B6F5-DB39325B2061}.Debug|Any CPU.Build.0 = Debug|Any CPU
		{591F3520-5E5C-44C1-B6F5-DB39325B2061}.Release|Any CPU.ActiveCfg = Release|Any CPU
		{591F3520-5E5C-44C1-B6F5-DB39325B2061}.Release|Any CPU.Build.0 = Release|Any CPU
	EndGlobalSection
	GlobalSection(SolutionProperties) = preSolution
		HideSolutionNode = FALSE
	EndGlobalSection
	GlobalSection(ExtensibilityGlobals) = postSolution
		SolutionGuid = {8EAB2398-DADE-4128-972C-08813BF80BBC}
	EndGlobalSection
EndGlobal
